
Microsoft Visual Studio Solution File, Format Version 12.00
# Visual Studio Version 16
VisualStudioVersion = 16.0.31729.503
MinimumVisualStudioVersion = 10.0.40219.1
Project("{FAE04EC0-301F-11D3-BF4B-00C04F79EFBC}") = "PDF Reader", "Praktika_Day2\PDF Reader.csproj", "{0EE2DE6F-D7F9-4003-B1D9-77FAAF24B71B}"
EndProject
Project("{FAE04EC0-301F-11D3-BF4B-00C04F79EFBC}") = "WinAmin", "WinAmin\WinAmin.csproj", "{84D6AC8D-6971-4A46-BB17-6B8EDE10D7E4}"
EndProject
Project("{FAE04EC0-301F-11D3-BF4B-00C04F79EFBC}") = "WinBackGroundWorker", "WinBackGroundWorker\WinBackGroundWorker.csproj", "{D7B4BA7F-DF9B-42BE-881A-0B45983C4682}"
EndProject
Project("{FAE04EC0-301F-11D3-BF4B-00C04F79EFBC}") = "WinAsynchDelegate", "WinAsynchDelegate\WinAsynchDelegate.csproj", "{C74E3DAE-0FEA-4606-9492-92B43AD7F61D}"
EndProject
Global
	GlobalSection(SolutionConfigurationPlatforms) = preSolution
		Debug|Any CPU = Debug|Any CPU
		Release|Any CPU = Release|Any CPU
	EndGlobalSection
	GlobalSection(ProjectConfigurationPlatforms) = postSolution
		{0EE2DE6F-D7F9-4003-B1D9-77FAAF24B71B}.Debug|Any CPU.ActiveCfg = Debug|Any CPU
		{0EE2DE6F-D7F9-4003-B1D9-77FAAF24B71B}.Debug|Any CPU.Build.0 = Debug|Any CPU
		{0EE2DE6F-D7F9-4003-B1D9-77FAAF24B71B}.Release|Any CPU.ActiveCfg = Release|Any CPU
		{0EE2DE6F-D7F9-4003-B1D9-77FAAF24B71B}.Release|Any CPU.Build.0 = Release|Any CPU
		{84D6AC8D-6971-4A46-BB17-6B8EDE10D7E4}.Debug|Any CPU.ActiveCfg = Debug|Any CPU
		{84D6AC8D-6971-4A46-BB17-6B8EDE10D7E4}.Debug|Any CPU.Build.0 = Debug|Any CPU
		{84D6AC8D-6971-4A46-BB17-6B8EDE10D7E4}.Release|Any CPU.ActiveCfg = Release|Any CPU
		{84D6AC8D-6971-4A46-BB17-6B8EDE10D7E4}.Release|Any CPU.Build.0 = Release|Any CPU
		{D7B4BA7F-DF9B-42BE-881A-0B45983C4682}.Debug|Any CPU.ActiveCfg = Debug|Any CPU
		{D7B4BA7F-DF9B-42BE-881A-0B45983C4682}.Debug|Any CPU.Build.0 = Debug|Any CPU
		{D7B4BA7F-DF9B-42BE-881A-0B45983C4682}.Release|Any CPU.ActiveCfg = Release|Any CPU
		{D7B4BA7F-DF9B-42BE-881A-0B45983C4682}.Release|Any CPU.Build.0 = Release|Any CPU
		{C74E3DAE-0FEA-4606-9492-92B43AD7F61D}.Debug|Any CPU.ActiveCfg = Debug|Any CPU
		{C74E3DAE-0FEA-4606-9492-92B43AD7F61D}.Debug|Any CPU.Build.0 = Debug|Any CPU
		{C74E3DAE-0FEA-4606-9492-92B43AD7F61D}.Release|Any CPU.ActiveCfg = Release|Any CPU
		{C74E3DAE-0FEA-4606-9492-92B43AD7F61D}.Release|Any CPU.Build.0 = Release|Any CPU
	EndGlobalSection
	GlobalSection(SolutionProperties) = preSolution
		HideSolutionNode = FALSE
	EndGlobalSection
	GlobalSection(ExtensibilityGlobals) = postSolution
		SolutionGuid = {C3586C11-AC08-45B7-BDC7-413697E4FB47}
	EndGlobalSection
EndGlobal
